
Microsoft Visual Studio Solution File, Format Version 12.00
# Visual Studio Version 16
VisualStudioVersion = 16.0.30804.86
MinimumVisualStudioVersion = 10.0.40219.1
Project("{FAE04EC0-301F-11D3-BF4B-00C04F79EFBC}") = "ITMO.ADO.NET.DBConnection", "ITMO.ADO.NET.DBConnection\ITMO.ADO.NET.DBConnection.csproj", "{2189CB76-FF8C-4B70-86E4-A6C07B5811FB}"
EndProject
Project("{FAE04EC0-301F-11D3-BF4B-00C04F79EFBC}") = "ITMO.ADO.NET.DatasetDesigner", "DatasetDesigner\ITMO.ADO.NET.DatasetDesigner.csproj", "{2F3E4439-FA81-461D-A5E5-FA900196841A}"
EndProject
Project("{FAE04EC0-301F-11D3-BF4B-00C04F79EFBC}") = "ITMO.ADO.NET.CreatingDataTable", "ITMO.ADO.NET.CreatingDataTable\ITMO.ADO.NET.CreatingDataTable.csproj", "{FB00DB1B-83D6-4F0E-A1C4-F2BE7393DF8F}"
EndProject
Project("{FAE04EC0-301F-11D3-BF4B-00C04F79EFBC}") = "ITMO.ADO.NET.DataAdapterProgram", "DataAdapterProgram\ITMO.ADO.NET.DataAdapterProgram.csproj", "{0421F4A3-EFCF-4544-8338-326B96DDB206}"
EndProject
Project("{FAE04EC0-301F-11D3-BF4B-00C04F79EFBC}") = "ITMO.ADO.NET.DataAdapterWizard", "ITMO.ADO.NET.DataAdapterWizard\ITMO.ADO.NET.DataAdapterWizard.csproj", "{3B176B13-7957-40A7-AFF9-A95AF4C754C8}"
EndProject
Project("{FAE04EC0-301F-11D3-BF4B-00C04F79EFBC}") = "ITMO.ADO.NET.WorkingDataTable", "ITMO.ADO.NET.WorkingDataTable\ITMO.ADO.NET.WorkingDataTable.csproj", "{7EE8931B-4CD6-4F5E-8F00-33496DA32674}"
EndProject
Project("{FAE04EC0-301F-11D3-BF4B-00C04F79EFBC}") = "ITMO.ADO.NET.DataViewExample", "ITMO.ADO.NET.DataViewExample\ITMO.ADO.NET.DataViewExample.csproj", "{C3AA507D-07D3-4E3A-B98A-90D6DB534631}"
EndProject
Project("{FAE04EC0-301F-11D3-BF4B-00C04F79EFBC}") = "ITMO.ADO.NET.DataSourcesWizard", "ITMO.ADO.NET.DataSourcesWizard\ITMO.ADO.NET.DataSourcesWizard.csproj", "{3A2016FA-873C-4747-91C8-C9C29A086D5F}"
EndProject
Project("{FAE04EC0-301F-11D3-BF4B-00C04F79EFBC}") = "ITMO.ADO.NET.DataBindingSimple", "ITMO.ADO.NET.DataBindingSimple\ITMO.ADO.NET.DataBindingSimple.csproj", "{5D793D0D-3FB9-4E9F-907B-22A625F6F8CE}"
EndProject
Project("{FAE04EC0-301F-11D3-BF4B-00C04F79EFBC}") = "ITMO.ADO.NET.DataBindingComplex", "ITMO.ADO.NET.DataBindingComplex\ITMO.ADO.NET.DataBindingComplex.csproj", "{0B8D63E1-F030-4188-A76E-79E12EF03F8C}"
EndProject
Project("{FAE04EC0-301F-11D3-BF4B-00C04F79EFBC}") = "ITMO.ADO.NET.DataGridViewExample", "ITMO.ADO.NET.DataGridViewExample\ITMO.ADO.NET.DataGridViewExample.csproj", "{FDD5CF87-198B-4FD0-9CDB-795E6BB88EEF}"
EndProject
Project("{FAE04EC0-301F-11D3-BF4B-00C04F79EFBC}") = "ITMO.ADO.NET.SavingDataSetXml", "ITMO.ADO.NET.SavingDataSetXml\ITMO.ADO.NET.SavingDataSetXml.csproj", "{F7A1BD56-1048-4314-BE66-B210196BB140}"
EndProject
Project("{FAE04EC0-301F-11D3-BF4B-00C04F79EFBC}") = "ITMO.ADO.NET.LoadDataSetXml", "ITMO.ADO.NET.LoadDataSetXml\ITMO.ADO.NET.LoadDataSetXml.csproj", "{DE611494-C7BC-4C94-A524-0890935C5ECB}"
EndProject
Project("{9A19103F-16F7-4668-BE54-9A1E7A4F7556}") = "ITMO.ADO.NET.Linq_Student", "ITMO.ADO.NET.Linq_Student\ITMO.ADO.NET.Linq_Student.csproj", "{3336F240-D80C-491F-85CC-6DCC40786AF4}"
EndProject
Project("{FAE04EC0-301F-11D3-BF4B-00C04F79EFBC}") = "ITMO.ADO.NET.LINQsql_1", "ITMO.ADO.NET.LINQsql_1\ITMO.ADO.NET.LINQsql_1.csproj", "{2BFA6C68-DDC8-4882-A8B0-B6514B78164C}"
EndProject
Project("{FAE04EC0-301F-11D3-BF4B-00C04F79EFBC}") = "ITMO.ADO.NET.LINQsqlSproc", "ITMO.ADO.NET.LINQsqlSproc\ITMO.ADO.NET.LINQsqlSproc.csproj", "{14026829-127D-4167-9B84-EE048BA3357F}"
EndProject
Project("{FAE04EC0-301F-11D3-BF4B-00C04F79EFBC}") = "ITMO.ADO.NET.LINQsql_m", "ITMO.ADO.NET.LINQsql_m\ITMO.ADO.NET.LINQsql_m.csproj", "{8B262049-DAAC-40CC-8FEB-B5575FF77453}"
EndProject
Project("{FAE04EC0-301F-11D3-BF4B-00C04F79EFBC}") = "ITMO.ADO.NET.CourseManager", "ITMO.ADO.NET.CourseManager\ITMO.ADO.NET.CourseManager.csproj", "{4A6A8B3D-6948-41A2-B4E2-938CC5C58895}"
EndProject
Project("{FAE04EC0-301F-11D3-BF4B-00C04F79EFBC}") = "ITMO.ADO.NET.CustomerManager", "ITMO.ADO.NET.CustomerManager\ITMO.ADO.NET.CustomerManager.csproj", "{D37D65CC-BC90-46BC-8E6D-5502BECB5421}"
EndProject
Project("{FAE04EC0-301F-11D3-BF4B-00C04F79EFBC}") = "ITMO.ADO.NET.CodeFirst", "ITMO.ADO.NET.CodeFirst\ITMO.ADO.NET.CodeFirst.csproj", "{4D5D053E-6F27-4A31-93E2-284D8E4887F7}"
EndProject
Project("{FAE04EC0-301F-11D3-BF4B-00C04F79EFBC}") = "ITMO.ADO.NET.ControlLab_1", "ITMO.ADO.NET.ControlLab_1\ITMO.ADO.NET.ControlLab_1.csproj", "{64E81280-6D17-4E8C-B679-E429FBF2F163}"
EndProject
Project("{FAE04EC0-301F-11D3-BF4B-00C04F79EFBC}") = "MyWorkApp", "MyWorkApp\MyWorkApp.csproj", "{D959D176-D7A9-435E-9940-A4BB5E210BD4}"
EndProject
Global
	GlobalSection(SolutionConfigurationPlatforms) = preSolution
		Debug|Any CPU = Debug|Any CPU
		Debug|ARM = Debug|ARM
		Debug|ARM64 = Debug|ARM64
		Debug|x64 = Debug|x64
		Debug|x86 = Debug|x86
		Release|Any CPU = Release|Any CPU
		Release|ARM = Release|ARM
		Release|ARM64 = Release|ARM64
		Release|x64 = Release|x64
		Release|x86 = Release|x86
	EndGlobalSection
	GlobalSection(ProjectConfigurationPlatforms) = postSolution
		{2189CB76-FF8C-4B70-86E4-A6C07B5811FB}.Debug|Any CPU.ActiveCfg = Debug|Any CPU
		{2189CB76-FF8C-4B70-86E4-A6C07B5811FB}.Debug|Any CPU.Build.0 = Debug|Any CPU
		{2189CB76-FF8C-4B70-86E4-A6C07B5811FB}.Debug|ARM.ActiveCfg = Debug|Any CPU
		{2189CB76-FF8C-4B70-86E4-A6C07B5811FB}.Debug|ARM.Build.0 = Debug|Any CPU
		{2189CB76-FF8C-4B70-86E4-A6C07B5811FB}.Debug|ARM64.ActiveCfg = Debug|Any CPU
		{2189CB76-FF8C-4B70-86E4-A6C07B5811FB}.Debug|ARM64.Build.0 = Debug|Any CPU
		{2189CB76-FF8C-4B70-86E4-A6C07B5811FB}.Debug|x64.ActiveCfg = Debug|Any CPU
		{2189CB76-FF8C-4B70-86E4-A6C07B5811FB}.Debug|x64.Build.0 = Debug|Any CPU
		{2189CB76-FF8C-4B70-86E4-A6C07B5811FB}.Debug|x86.ActiveCfg = Debug|Any CPU
		{2189CB76-FF8C-4B70-86E4-A6C07B5811FB}.Debug|x86.Build.0 = Debug|Any CPU
		{2189CB76-FF8C-4B70-86E4-A6C07B5811FB}.Release|Any CPU.ActiveCfg = Release|Any CPU
		{2189CB76-FF8C-4B70-86E4-A6C07B5811FB}.Release|Any CPU.Build.0 = Release|Any CPU
		{2189CB76-FF8C-4B70-86E4-A6C07B5811FB}.Release|ARM.ActiveCfg = Release|Any CPU
		{2189CB76-FF8C-4B70-86E4-A6C07B5811FB}.Release|ARM.Build.0 = Release|Any CPU
		{2189CB76-FF8C-4B70-86E4-A6C07B5811FB}.Release|ARM64.ActiveCfg = Release|Any CPU
		{2189CB76-FF8C-4B70-86E4-A6C07B5811FB}.Release|ARM64.Build.0 = Release|Any CPU
		{2189CB76-FF8C-4B70-86E4-A6C07B5811FB}.Release|x64.ActiveCfg = Release|Any CPU
		{2189CB76-FF8C-4B70-86E4-A6C07B5811FB}.Release|x64.Build.0 = Release|Any CPU
		{2189CB76-FF8C-4B70-86E4-A6C07B5811FB}.Release|x86.ActiveCfg = Release|Any CPU
		{2189CB76-FF8C-4B70-86E4-A6C07B5811FB}.Release|x86.Build.0 = Release|Any CPU
		{2F3E4439-FA81-461D-A5E5-FA900196841A}.Debug|Any CPU.ActiveCfg = Debug|Any CPU
		{2F3E4439-FA81-461D-A5E5-FA900196841A}.Debug|Any CPU.Build.0 = Debug|Any CPU
		{2F3E4439-FA81-461D-A5E5-FA900196841A}.Debug|ARM.ActiveCfg = Debug|Any CPU
		{2F3E4439-FA81-461D-A5E5-FA900196841A}.Debug|ARM.Build.0 = Debug|Any CPU
		{2F3E4439-FA81-461D-A5E5-FA900196841A}.Debug|ARM64.ActiveCfg = Debug|Any CPU
		{2F3E4439-FA81-461D-A5E5-FA900196841A}.Debug|ARM64.Build.0 = Debug|Any CPU
		{2F3E4439-FA81-461D-A5E5-FA900196841A}.Debug|x64.ActiveCfg = Debug|Any CPU
		{2F3E4439-FA81-461D-A5E5-FA900196841A}.Debug|x64.Build.0 = Debug|Any CPU
		{2F3E4439-FA81-461D-A5E5-FA900196841A}.Debug|x86.ActiveCfg = Debug|Any CPU
		{2F3E4439-FA81-461D-A5E5-FA900196841A}.Debug|x86.Build.0 = Debug|Any CPU
		{2F3E4439-FA81-461D-A5E5-FA900196841A}.Release|Any CPU.ActiveCfg = Release|Any CPU
		{2F3E4439-FA81-461D-A5E5-FA900196841A}.Release|Any CPU.Build.0 = Release|Any CPU
		{2F3E4439-FA81-461D-A5E5-FA900196841A}.Release|ARM.ActiveCfg = Release|Any CPU
		{2F3E4439-FA81-461D-A5E5-FA900196841A}.Release|ARM.Build.0 = Release|Any CPU
		{2F3E4439-FA81-461D-A5E5-FA900196841A}.Release|ARM64.ActiveCfg = Release|Any CPU
		{2F3E4439-FA81-461D-A5E5-FA900196841A}.Release|ARM64.Build.0 = Release|Any CPU
		{2F3E4439-FA81-461D-A5E5-FA900196841A}.Release|x64.ActiveCfg = Release|Any CPU
		{2F3E4439-FA81-461D-A5E5-FA900196841A}.Release|x64.Build.0 = Release|Any CPU
		{2F3E4439-FA81-461D-A5E5-FA900196841A}.Release|x86.ActiveCfg = Release|Any CPU
		{2F3E4439-FA81-461D-A5E5-FA900196841A}.Release|x86.Build.0 = Release|Any CPU
		{FB00DB1B-83D6-4F0E-A1C4-F2BE7393DF8F}.Debug|Any CPU.ActiveCfg = Debug|Any CPU
		{FB00DB1B-83D6-4F0E-A1C4-F2BE7393DF8F}.Debug|Any CPU.Build.0 = Debug|Any CPU
		{FB00DB1B-83D6-4F0E-A1C4-F2BE7393DF8F}.Debug|ARM.ActiveCfg = Debug|Any CPU
		{FB00DB1B-83D6-4F0E-A1C4-F2BE7393DF8F}.Debug|ARM.Build.0 = Debug|Any CPU
		{FB00DB1B-83D6-4F0E-A1C4-F2BE7393DF8F}.Debug|ARM64.ActiveCfg = Debug|Any CPU
		{FB00DB1B-83D6-4F0E-A1C4-F2BE7393DF8F}.Debug|ARM64.Build.0 = Debug|Any CPU
		{FB00DB1B-83D6-4F0E-A1C4-F2BE7393DF8F}.Debug|x64.ActiveCfg = Debug|Any CPU
		{FB00DB1B-83D6-4F0E-A1C4-F2BE7393DF8F}.Debug|x64.Build.0 = Debug|Any CPU
		{FB00DB1B-83D6-4F0E-A1C4-F2BE7393DF8F}.Debug|x86.ActiveCfg = Debug|Any CPU
		{FB00DB1B-83D6-4F0E-A1C4-F2BE7393DF8F}.Debug|x86.Build.0 = Debug|Any CPU
		{FB00DB1B-83D6-4F0E-A1C4-F2BE7393DF8F}.Release|Any CPU.ActiveCfg = Release|Any CPU
		{FB00DB1B-83D6-4F0E-A1C4-F2BE7393DF8F}.Release|Any CPU.Build.0 = Release|Any CPU
		{FB00DB1B-83D6-4F0E-A1C4-F2BE7393DF8F}.Release|ARM.ActiveCfg = Release|Any CPU
		{FB00DB1B-83D6-4F0E-A1C4-F2BE7393DF8F}.Release|ARM.Build.0 = Release|Any CPU
		{FB00DB1B-83D6-4F0E-A1C4-F2BE7393DF8F}.Release|ARM64.ActiveCfg = Release|Any CPU
		{FB00DB1B-83D6-4F0E-A1C4-F2BE7393DF8F}.Release|ARM64.Build.0 = Release|Any CPU
		{FB00DB1B-83D6-4F0E-A1C4-F2BE7393DF8F}.Release|x64.ActiveCfg = Release|Any CPU
		{FB00DB1B-83D6-4F0E-A1C4-F2BE7393DF8F}.Release|x64.Build.0 = Release|Any CPU
		{FB00DB1B-83D6-4F0E-A1C4-F2BE7393DF8F}.Release|x86.ActiveCfg = Release|Any CPU
		{FB00DB1B-83D6-4F0E-A1C4-F2BE7393DF8F}.Release|x86.Build.0 = Release|Any CPU
		{0421F4A3-EFCF-4544-8338-326B96DDB206}.Debug|Any CPU.ActiveCfg = Debug|Any CPU
		{0421F4A3-EFCF-4544-8338-326B96DDB206}.Debug|Any CPU.Build.0 = Debug|Any CPU
		{0421F4A3-EFCF-4544-8338-326B96DDB206}.Debug|ARM.ActiveCfg = Debug|Any CPU
		{0421F4A3-EFCF-4544-8338-326B96DDB206}.Debug|ARM.Build.0 = Debug|Any CPU
		{0421F4A3-EFCF-4544-8338-326B96DDB206}.Debug|ARM64.ActiveCfg = Debug|Any CPU
		{0421F4A3-EFCF-4544-8338-326B96DDB206}.Debug|ARM64.Build.0 = Debug|Any CPU
		{0421F4A3-EFCF-4544-8338-326B96DDB206}.Debug|x64.ActiveCfg = Debug|Any CPU
		{0421F4A3-EFCF-4544-8338-326B96DDB206}.Debug|x64.Build.0 = Debug|Any CPU
		{0421F4A3-EFCF-4544-8338-326B96DDB206}.Debug|x86.ActiveCfg = Debug|Any CPU
		{0421F4A3-EFCF-4544-8338-326B96DDB206}.Debug|x86.Build.0 = Debug|Any CPU
		{0421F4A3-EFCF-4544-8338-326B96DDB206}.Release|Any CPU.ActiveCfg = Release|Any CPU
		{0421F4A3-EFCF-4544-8338-326B96DDB206}.Release|Any CPU.Build.0 = Release|Any CPU
		{0421F4A3-EFCF-4544-8338-326B96DDB206}.Release|ARM.ActiveCfg = Release|Any CPU
		{0421F4A3-EFCF-4544-8338-326B96DDB206}.Release|ARM.Build.0 = Release|Any CPU
		{0421F4A3-EFCF-4544-8338-326B96DDB206}.Release|ARM64.ActiveCfg = Release|Any CPU
		{0421F4A3-EFCF-4544-8338-326B96DDB206}.Release|ARM64.Build.0 = Release|Any CPU
		{0421F4A3-EFCF-4544-8338-326B96DDB206}.Release|x64.ActiveCfg = Release|Any CPU
		{0421F4A3-EFCF-4544-8338-326B96DDB206}.Release|x64.Build.0 = Release|Any CPU
		{0421F4A3-EFCF-4544-8338-326B96DDB206}.Release|x86.ActiveCfg = Release|Any CPU
		{0421F4A3-EFCF-4544-8338-326B96DDB206}.Release|x86.Build.0 = Release|Any CPU
		{3B176B13-7957-40A7-AFF9-A95AF4C754C8}.Debug|Any CPU.ActiveCfg = Debug|Any CPU
		{3B176B13-7957-40A7-AFF9-A95AF4C754C8}.Debug|Any CPU.Build.0 = Debug|Any CPU
		{3B176B13-7957-40A7-AFF9-A95AF4C754C8}.Debug|ARM.ActiveCfg = Debug|Any CPU
		{3B176B13-7957-40A7-AFF9-A95AF4C754C8}.Debug|ARM.Build.0 = Debug|Any CPU
		{3B176B13-7957-40A7-AFF9-A95AF4C754C8}.Debug|ARM64.ActiveCfg = Debug|Any CPU
		{3B176B13-7957-40A7-AFF9-A95AF4C754C8}.Debug|ARM64.Build.0 = Debug|Any CPU
		{3B176B13-7957-40A7-AFF9-A95AF4C754C8}.Debug|x64.ActiveCfg = Debug|Any CPU
		{3B176B13-7957-40A7-AFF9-A95AF4C754C8}.Debug|x64.Build.0 = Debug|Any CPU
		{3B176B13-7957-40A7-AFF9-A95AF4C754C8}.Debug|x86.ActiveCfg = Debug|Any CPU
		{3B176B13-7957-40A7-AFF9-A95AF4C754C8}.Debug|x86.Build.0 = Debug|Any CPU
		{3B176B13-7957-40A7-AFF9-A95AF4C754C8}.Release|Any CPU.ActiveCfg = Release|Any CPU
		{3B176B13-7957-40A7-AFF9-A95AF4C754C8}.Release|Any CPU.Build.0 = Release|Any CPU
		{3B176B13-7957-40A7-AFF9-A95AF4C754C8}.Release|ARM.ActiveCfg = Release|Any CPU
		{3B176B13-7957-40A7-AFF9-A95AF4C754C8}.Release|ARM.Build.0 = Release|Any CPU
		{3B176B13-7957-40A7-AFF9-A95AF4C754C8}.Release|ARM64.ActiveCfg = Release|Any CPU
		{3B176B13-7957-40A7-AFF9-A95AF4C754C8}.Release|ARM64.Build.0 = Release|Any CPU
		{3B176B13-7957-40A7-AFF9-A95AF4C754C8}.Release|x64.ActiveCfg = Release|Any CPU
		{3B176B13-7957-40A7-AFF9-A95AF4C754C8}.Release|x64.Build.0 = Release|Any CPU
		{3B176B13-7957-40A7-AFF9-A95AF4C754C8}.Release|x86.ActiveCfg = Release|Any CPU
		{3B176B13-7957-40A7-AFF9-A95AF4C754C8}.Release|x86.Build.0 = Release|Any CPU
		{7EE8931B-4CD6-4F5E-8F00-33496DA32674}.Debug|Any CPU.ActiveCfg = Debug|Any CPU
		{7EE8931B-4CD6-4F5E-8F00-33496DA32674}.Debug|Any CPU.Build.0 = Debug|Any CPU
		{7EE8931B-4CD6-4F5E-8F00-33496DA32674}.Debug|ARM.ActiveCfg = Debug|Any CPU
		{7EE8931B-4CD6-4F5E-8F00-33496DA32674}.Debug|ARM.Build.0 = Debug|Any CPU
		{7EE8931B-4CD6-4F5E-8F00-33496DA32674}.Debug|ARM64.ActiveCfg = Debug|Any CPU
		{7EE8931B-4CD6-4F5E-8F00-33496DA32674}.Debug|ARM64.Build.0 = Debug|Any CPU
		{7EE8931B-4CD6-4F5E-8F00-33496DA32674}.Debug|x64.ActiveCfg = Debug|Any CPU
		{7EE8931B-4CD6-4F5E-8F00-33496DA32674}.Debug|x64.Build.0 = Debug|Any CPU
		{7EE8931B-4CD6-4F5E-8F00-33496DA32674}.Debug|x86.ActiveCfg = Debug|Any CPU
		{7EE8931B-4CD6-4F5E-8F00-33496DA32674}.Debug|x86.Build.0 = Debug|Any CPU
		{7EE8931B-4CD6-4F5E-8F00-33496DA32674}.Release|Any CPU.ActiveCfg = Release|Any CPU
		{7EE8931B-4CD6-4F5E-8F00-33496DA32674}.Release|Any CPU.Build.0 = Release|Any CPU
		{7EE8931B-4CD6-4F5E-8F00-33496DA32674}.Release|ARM.ActiveCfg = Release|Any CPU
		{7EE8931B-4CD6-4F5E-8F00-33496DA32674}.Release|ARM.Build.0 = Release|Any CPU
		{7EE8931B-4CD6-4F5E-8F00-33496DA32674}.Release|ARM64.ActiveCfg = Release|Any CPU
		{7EE8931B-4CD6-4F5E-8F00-33496DA32674}.Release|ARM64.Build.0 = Release|Any CPU
		{7EE8931B-4CD6-4F5E-8F00-33496DA32674}.Release|x64.ActiveCfg = Release|Any CPU
		{7EE8931B-4CD6-4F5E-8F00-33496DA32674}.Release|x64.Build.0 = Release|Any CPU
		{7EE8931B-4CD6-4F5E-8F00-33496DA32674}.Release|x86.ActiveCfg = Release|Any CPU
		{7EE8931B-4CD6-4F5E-8F00-33496DA32674}.Release|x86.Build.0 = Release|Any CPU
		{C3AA507D-07D3-4E3A-B98A-90D6DB534631}.Debug|Any CPU.ActiveCfg = Debug|Any CPU
		{C3AA507D-07D3-4E3A-B98A-90D6DB534631}.Debug|Any CPU.Build.0 = Debug|Any CPU
		{C3AA507D-07D3-4E3A-B98A-90D6DB534631}.Debug|ARM.ActiveCfg = Debug|Any CPU
		{C3AA507D-07D3-4E3A-B98A-90D6DB534631}.Debug|ARM.Build.0 = Debug|Any CPU
		{C3AA507D-07D3-4E3A-B98A-90D6DB534631}.Debug|ARM64.ActiveCfg = Debug|Any CPU
		{C3AA507D-07D3-4E3A-B98A-90D6DB534631}.Debug|ARM64.Build.0 = Debug|Any CPU
		{C3AA507D-07D3-4E3A-B98A-90D6DB534631}.Debug|x64.ActiveCfg = Debug|Any CPU
		{C3AA507D-07D3-4E3A-B98A-90D6DB534631}.Debug|x64.Build.0 = Debug|Any CPU
		{C3AA507D-07D3-4E3A-B98A-90D6DB534631}.Debug|x86.ActiveCfg = Debug|Any CPU
		{C3AA507D-07D3-4E3A-B98A-90D6DB534631}.Debug|x86.Build.0 = Debug|Any CPU
		{C3AA507D-07D3-4E3A-B98A-90D6DB534631}.Release|Any CPU.ActiveCfg = Release|Any CPU
		{C3AA507D-07D3-4E3A-B98A-90D6DB534631}.Release|Any CPU.Build.0 = Release|Any CPU
		{C3AA507D-07D3-4E3A-B98A-90D6DB534631}.Release|ARM.ActiveCfg = Release|Any CPU
		{C3AA507D-07D3-4E3A-B98A-90D6DB534631}.Release|ARM.Build.0 = Release|Any CPU
		{C3AA507D-07D3-4E3A-B98A-90D6DB534631}.Release|ARM64.ActiveCfg = Release|Any CPU
		{C3AA507D-07D3-4E3A-B98A-90D6DB534631}.Release|ARM64.Build.0 = Release|Any CPU
		{C3AA507D-07D3-4E3A-B98A-90D6DB534631}.Release|x64.ActiveCfg = Release|Any CPU
		{C3AA507D-07D3-4E3A-B98A-90D6DB534631}.Release|x64.Build.0 = Release|Any CPU
		{C3AA507D-07D3-4E3A-B98A-90D6DB534631}.Release|x86.ActiveCfg = Release|Any CPU
		{C3AA507D-07D3-4E3A-B98A-90D6DB534631}.Release|x86.Build.0 = Release|Any CPU
		{3A2016FA-873C-4747-91C8-C9C29A086D5F}.Debug|Any CPU.ActiveCfg = Debug|Any CPU
		{3A2016FA-873C-4747-91C8-C9C29A086D5F}.Debug|Any CPU.Build.0 = Debug|Any CPU
		{3A2016FA-873C-4747-91C8-C9C29A086D5F}.Debug|ARM.ActiveCfg = Debug|Any CPU
		{3A2016FA-873C-4747-91C8-C9C29A086D5F}.Debug|ARM.Build.0 = Debug|Any CPU
		{3A2016FA-873C-4747-91C8-C9C29A086D5F}.Debug|ARM64.ActiveCfg = Debug|Any CPU
		{3A2016FA-873C-4747-91C8-C9C29A086D5F}.Debug|ARM64.Build.0 = Debug|Any CPU
		{3A2016FA-873C-4747-91C8-C9C29A086D5F}.Debug|x64.ActiveCfg = Debug|Any CPU
		{3A2016FA-873C-4747-91C8-C9C29A086D5F}.Debug|x64.Build.0 = Debug|Any CPU
		{3A2016FA-873C-4747-91C8-C9C29A086D5F}.Debug|x86.ActiveCfg = Debug|Any CPU
		{3A2016FA-873C-4747-91C8-C9C29A086D5F}.Debug|x86.Build.0 = Debug|Any CPU
		{3A2016FA-873C-4747-91C8-C9C29A086D5F}.Release|Any CPU.ActiveCfg = Release|Any CPU
		{3A2016FA-873C-4747-91C8-C9C29A086D5F}.Release|Any CPU.Build.0 = Release|Any CPU
		{3A2016FA-873C-4747-91C8-C9C29A086D5F}.Release|ARM.ActiveCfg = Release|Any CPU
		{3A2016FA-873C-4747-91C8-C9C29A086D5F}.Release|ARM.Build.0 = Release|Any CPU
		{3A2016FA-873C-4747-91C8-C9C29A086D5F}.Release|ARM64.ActiveCfg = Release|Any CPU
		{3A2016FA-873C-4747-91C8-C9C29A086D5F}.Release|ARM64.Build.0 = Release|Any CPU
		{3A2016FA-873C-4747-91C8-C9C29A086D5F}.Release|x64.ActiveCfg = Release|Any CPU
		{3A2016FA-873C-4747-91C8-C9C29A086D5F}.Release|x64.Build.0 = Release|Any CPU
		{3A2016FA-873C-4747-91C8-C9C29A086D5F}.Release|x86.ActiveCfg = Release|Any CPU
		{3A2016FA-873C-4747-91C8-C9C29A086D5F}.Release|x86.Build.0 = Release|Any CPU
		{5D793D0D-3FB9-4E9F-907B-22A625F6F8CE}.Debug|Any CPU.ActiveCfg = Debug|Any CPU
		{5D793D0D-3FB9-4E9F-907B-22A625F6F8CE}.Debug|Any CPU.Build.0 = Debug|Any CPU
		{5D793D0D-3FB9-4E9F-907B-22A625F6F8CE}.Debug|ARM.ActiveCfg = Debug|Any CPU
		{5D793D0D-3FB9-4E9F-907B-22A625F6F8CE}.Debug|ARM.Build.0 = Debug|Any CPU
		{5D793D0D-3FB9-4E9F-907B-22A625F6F8CE}.Debug|ARM64.ActiveCfg = Debug|Any CPU
		{5D793D0D-3FB9-4E9F-907B-22A625F6F8CE}.Debug|ARM64.Build.0 = Debug|Any CPU
		{5D793D0D-3FB9-4E9F-907B-22A625F6F8CE}.Debug|x64.ActiveCfg = Debug|Any CPU
		{5D793D0D-3FB9-4E9F-907B-22A625F6F8CE}.Debug|x64.Build.0 = Debug|Any CPU
		{5D793D0D-3FB9-4E9F-907B-22A625F6F8CE}.Debug|x86.ActiveCfg = Debug|Any CPU
		{5D793D0D-3FB9-4E9F-907B-22A625F6F8CE}.Debug|x86.Build.0 = Debug|Any CPU
		{5D793D0D-3FB9-4E9F-907B-22A625F6F8CE}.Release|Any CPU.ActiveCfg = Release|Any CPU
		{5D793D0D-3FB9-4E9F-907B-22A625F6F8CE}.Release|Any CPU.Build.0 = Release|Any CPU
		{5D793D0D-3FB9-4E9F-907B-22A625F6F8CE}.Release|ARM.ActiveCfg = Release|Any CPU
		{5D793D0D-3FB9-4E9F-907B-22A625F6F8CE}.Release|ARM.Build.0 = Release|Any CPU
		{5D793D0D-3FB9-4E9F-907B-22A625F6F8CE}.Release|ARM64.ActiveCfg = Release|Any CPU
		{5D793D0D-3FB9-4E9F-907B-22A625F6F8CE}.Release|ARM64.Build.0 = Release|Any CPU
		{5D793D0D-3FB9-4E9F-907B-22A625F6F8CE}.Release|x64.ActiveCfg = Release|Any CPU
		{5D793D0D-3FB9-4E9F-907B-22A625F6F8CE}.Release|x64.Build.0 = Release|Any CPU
		{5D793D0D-3FB9-4E9F-907B-22A625F6F8CE}.Release|x86.ActiveCfg = Release|Any CPU
		{5D793D0D-3FB9-4E9F-907B-22A625F6F8CE}.Release|x86.Build.0 = Release|Any CPU
		{0B8D63E1-F030-4188-A76E-79E12EF03F8C}.Debug|Any CPU.ActiveCfg = Debug|Any CPU
		{0B8D63E1-F030-4188-A76E-79E12EF03F8C}.Debug|Any CPU.Build.0 = Debug|Any CPU
		{0B8D63E1-F030-4188-A76E-79E12EF03F8C}.Debug|ARM.ActiveCfg = Debug|Any CPU
		{0B8D63E1-F030-4188-A76E-79E12EF03F8C}.Debug|ARM.Build.0 = Debug|Any CPU
		{0B8D63E1-F030-4188-A76E-79E12EF03F8C}.Debug|ARM64.ActiveCfg = Debug|Any CPU
		{0B8D63E1-F030-4188-A76E-79E12EF03F8C}.Debug|ARM64.Build.0 = Debug|Any CPU
		{0B8D63E1-F030-4188-A76E-79E12EF03F8C}.Debug|x64.ActiveCfg = Debug|Any CPU
		{0B8D63E1-F030-4188-A76E-79E12EF03F8C}.Debug|x64.Build.0 = Debug|Any CPU
		{0B8D63E1-F030-4188-A76E-79E12EF03F8C}.Debug|x86.ActiveCfg = Debug|Any CPU
		{0B8D63E1-F030-4188-A76E-79E12EF03F8C}.Debug|x86.Build.0 = Debug|Any CPU
		{0B8D63E1-F030-4188-A76E-79E12EF03F8C}.Release|Any CPU.ActiveCfg = Release|Any CPU
		{0B8D63E1-F030-4188-A76E-79E12EF03F8C}.Release|Any CPU.Build.0 = Release|Any CPU
		{0B8D63E1-F030-4188-A76E-79E12EF03F8C}.Release|ARM.ActiveCfg = Release|Any CPU
		{0B8D63E1-F030-4188-A76E-79E12EF03F8C}.Release|ARM.Build.0 = Release|Any CPU
		{0B8D63E1-F030-4188-A76E-79E12EF03F8C}.Release|ARM64.ActiveCfg = Release|Any CPU
		{0B8D63E1-F030-4188-A76E-79E12EF03F8C}.Release|ARM64.Build.0 = Release|Any CPU
		{0B8D63E1-F030-4188-A76E-79E12EF03F8C}.Release|x64.ActiveCfg = Release|Any CPU
		{0B8D63E1-F030-4188-A76E-79E12EF03F8C}.Release|x64.Build.0 = Release|Any CPU
		{0B8D63E1-F030-4188-A76E-79E12EF03F8C}.Release|x86.ActiveCfg = Release|Any CPU
		{0B8D63E1-F030-4188-A76E-79E12EF03F8C}.Release|x86.Build.0 = Release|Any CPU
		{FDD5CF87-198B-4FD0-9CDB-795E6BB88EEF}.Debug|Any CPU.ActiveCfg = Debug|Any CPU
		{FDD5CF87-198B-4FD0-9CDB-795E6BB88EEF}.Debug|Any CPU.Build.0 = Debug|Any CPU
		{FDD5CF87-198B-4FD0-9CDB-795E6BB88EEF}.Debug|ARM.ActiveCfg = Debug|Any CPU
		{FDD5CF87-198B-4FD0-9CDB-795E6BB88EEF}.Debug|ARM.Build.0 = Debug|Any CPU
		{FDD5CF87-198B-4FD0-9CDB-795E6BB88EEF}.Debug|ARM64.ActiveCfg = Debug|Any CPU
		{FDD5CF87-198B-4FD0-9CDB-795E6BB88EEF}.Debug|ARM64.Build.0 = Debug|Any CPU
		{FDD5CF87-198B-4FD0-9CDB-795E6BB88EEF}.Debug|x64.ActiveCfg = Debug|Any CPU
		{FDD5CF87-198B-4FD0-9CDB-795E6BB88EEF}.Debug|x64.Build.0 = Debug|Any CPU
		{FDD5CF87-198B-4FD0-9CDB-795E6BB88EEF}.Debug|x86.ActiveCfg = Debug|Any CPU
		{FDD5CF87-198B-4FD0-9CDB-795E6BB88EEF}.Debug|x86.Build.0 = Debug|Any CPU
		{FDD5CF87-198B-4FD0-9CDB-795E6BB88EEF}.Release|Any CPU.ActiveCfg = Release|Any CPU
		{FDD5CF87-198B-4FD0-9CDB-795E6BB88EEF}.Release|Any CPU.Build.0 = Release|Any CPU
		{FDD5CF87-198B-4FD0-9CDB-795E6BB88EEF}.Release|ARM.ActiveCfg = Release|Any CPU
		{FDD5CF87-198B-4FD0-9CDB-795E6BB88EEF}.Release|ARM.Build.0 = Release|Any CPU
		{FDD5CF87-198B-4FD0-9CDB-795E6BB88EEF}.Release|ARM64.ActiveCfg = Release|Any CPU
		{FDD5CF87-198B-4FD0-9CDB-795E6BB88EEF}.Release|ARM64.Build.0 = Release|Any CPU
		{FDD5CF87-198B-4FD0-9CDB-795E6BB88EEF}.Release|x64.ActiveCfg = Release|Any CPU
		{FDD5CF87-198B-4FD0-9CDB-795E6BB88EEF}.Release|x64.Build.0 = Release|Any CPU
		{FDD5CF87-198B-4FD0-9CDB-795E6BB88EEF}.Release|x86.ActiveCfg = Release|Any CPU
		{FDD5CF87-198B-4FD0-9CDB-795E6BB88EEF}.Release|x86.Build.0 = Release|Any CPU
		{F7A1BD56-1048-4314-BE66-B210196BB140}.Debug|Any CPU.ActiveCfg = Debug|Any CPU
		{F7A1BD56-1048-4314-BE66-B210196BB140}.Debug|Any CPU.Build.0 = Debug|Any CPU
		{F7A1BD56-1048-4314-BE66-B210196BB140}.Debug|ARM.ActiveCfg = Debug|Any CPU
		{F7A1BD56-1048-4314-BE66-B210196BB140}.Debug|ARM.Build.0 = Debug|Any CPU
		{F7A1BD56-1048-4314-BE66-B210196BB140}.Debug|ARM64.ActiveCfg = Debug|Any CPU
		{F7A1BD56-1048-4314-BE66-B210196BB140}.Debug|ARM64.Build.0 = Debug|Any CPU
		{F7A1BD56-1048-4314-BE66-B210196BB140}.Debug|x64.ActiveCfg = Debug|Any CPU
		{F7A1BD56-1048-4314-BE66-B210196BB140}.Debug|x64.Build.0 = Debug|Any CPU
		{F7A1BD56-1048-4314-BE66-B210196BB140}.Debug|x86.ActiveCfg = Debug|Any CPU
		{F7A1BD56-1048-4314-BE66-B210196BB140}.Debug|x86.Build.0 = Debug|Any CPU
		{F7A1BD56-1048-4314-BE66-B210196BB140}.Release|Any CPU.ActiveCfg = Release|Any CPU
		{F7A1BD56-1048-4314-BE66-B210196BB140}.Release|Any CPU.Build.0 = Release|Any CPU
		{F7A1BD56-1048-4314-BE66-B210196BB140}.Release|ARM.ActiveCfg = Release|Any CPU
		{F7A1BD56-1048-4314-BE66-B210196BB140}.Release|ARM.Build.0 = Release|Any CPU
		{F7A1BD56-1048-4314-BE66-B210196BB140}.Release|ARM64.ActiveCfg = Release|Any CPU
		{F7A1BD56-1048-4314-BE66-B210196BB140}.Release|ARM64.Build.0 = Release|Any CPU
		{F7A1BD56-1048-4314-BE66-B210196BB140}.Release|x64.ActiveCfg = Release|Any CPU
		{F7A1BD56-1048-4314-BE66-B210196BB140}.Release|x64.Build.0 = Release|Any CPU
		{F7A1BD56-1048-4314-BE66-B210196BB140}.Release|x86.ActiveCfg = Release|Any CPU
		{F7A1BD56-1048-4314-BE66-B210196BB140}.Release|x86.Build.0 = Release|Any CPU
		{DE611494-C7BC-4C94-A524-0890935C5ECB}.Debug|Any CPU.ActiveCfg = Debug|Any CPU
		{DE611494-C7BC-4C94-A524-0890935C5ECB}.Debug|Any CPU.Build.0 = Debug|Any CPU
		{DE611494-C7BC-4C94-A524-0890935C5ECB}.Debug|ARM.ActiveCfg = Debug|Any CPU
		{DE611494-C7BC-4C94-A524-0890935C5ECB}.Debug|ARM.Build.0 = Debug|Any CPU
		{DE611494-C7BC-4C94-A524-0890935C5ECB}.Debug|ARM64.ActiveCfg = Debug|Any CPU
		{DE611494-C7BC-4C94-A524-0890935C5ECB}.Debug|ARM64.Build.0 = Debug|Any CPU
		{DE611494-C7BC-4C94-A524-0890935C5ECB}.Debug|x64.ActiveCfg = Debug|Any CPU
		{DE611494-C7BC-4C94-A524-0890935C5ECB}.Debug|x64.Build.0 = Debug|Any CPU
		{DE611494-C7BC-4C94-A524-0890935C5ECB}.Debug|x86.ActiveCfg = Debug|Any CPU
		{DE611494-C7BC-4C94-A524-0890935C5ECB}.Debug|x86.Build.0 = Debug|Any CPU
		{DE611494-C7BC-4C94-A524-0890935C5ECB}.Release|Any CPU.ActiveCfg = Release|Any CPU
		{DE611494-C7BC-4C94-A524-0890935C5ECB}.Release|Any CPU.Build.0 = Release|Any CPU
		{DE611494-C7BC-4C94-A524-0890935C5ECB}.Release|ARM.ActiveCfg = Release|Any CPU
		{DE611494-C7BC-4C94-A524-0890935C5ECB}.Release|ARM.Build.0 = Release|Any CPU
		{DE611494-C7BC-4C94-A524-0890935C5ECB}.Release|ARM64.ActiveCfg = Release|Any CPU
		{DE611494-C7BC-4C94-A524-0890935C5ECB}.Release|ARM64.Build.0 = Release|Any CPU
		{DE611494-C7BC-4C94-A524-0890935C5ECB}.Release|x64.ActiveCfg = Release|Any CPU
		{DE611494-C7BC-4C94-A524-0890935C5ECB}.Release|x64.Build.0 = Release|Any CPU
		{DE611494-C7BC-4C94-A524-0890935C5ECB}.Release|x86.ActiveCfg = Release|Any CPU
		{DE611494-C7BC-4C94-A524-0890935C5ECB}.Release|x86.Build.0 = Release|Any CPU
		{3336F240-D80C-491F-85CC-6DCC40786AF4}.Debug|Any CPU.ActiveCfg = Debug|Any CPU
		{3336F240-D80C-491F-85CC-6DCC40786AF4}.Debug|Any CPU.Build.0 = Debug|Any CPU
		{3336F240-D80C-491F-85CC-6DCC40786AF4}.Debug|ARM.ActiveCfg = Debug|Any CPU
		{3336F240-D80C-491F-85CC-6DCC40786AF4}.Debug|ARM.Build.0 = Debug|Any CPU
		{3336F240-D80C-491F-85CC-6DCC40786AF4}.Debug|ARM64.ActiveCfg = Debug|Any CPU
		{3336F240-D80C-491F-85CC-6DCC40786AF4}.Debug|ARM64.Build.0 = Debug|Any CPU
		{3336F240-D80C-491F-85CC-6DCC40786AF4}.Debug|x64.ActiveCfg = Debug|Any CPU
		{3336F240-D80C-491F-85CC-6DCC40786AF4}.Debug|x64.Build.0 = Debug|Any CPU
		{3336F240-D80C-491F-85CC-6DCC40786AF4}.Debug|x86.ActiveCfg = Debug|Any CPU
		{3336F240-D80C-491F-85CC-6DCC40786AF4}.Debug|x86.Build.0 = Debug|Any CPU
		{3336F240-D80C-491F-85CC-6DCC40786AF4}.Release|Any CPU.ActiveCfg = Release|Any CPU
		{3336F240-D80C-491F-85CC-6DCC40786AF4}.Release|Any CPU.Build.0 = Release|Any CPU
		{3336F240-D80C-491F-85CC-6DCC40786AF4}.Release|ARM.ActiveCfg = Release|Any CPU
		{3336F240-D80C-491F-85CC-6DCC40786AF4}.Release|ARM.Build.0 = Release|Any CPU
		{3336F240-D80C-491F-85CC-6DCC40786AF4}.Release|ARM64.ActiveCfg = Release|Any CPU
		{3336F240-D80C-491F-85CC-6DCC40786AF4}.Release|ARM64.Build.0 = Release|Any CPU
		{3336F240-D80C-491F-85CC-6DCC40786AF4}.Release|x64.ActiveCfg = Release|Any CPU
		{3336F240-D80C-491F-85CC-6DCC40786AF4}.Release|x64.Build.0 = Release|Any CPU
		{3336F240-D80C-491F-85CC-6DCC40786AF4}.Release|x86.ActiveCfg = Release|Any CPU
		{3336F240-D80C-491F-85CC-6DCC40786AF4}.Release|x86.Build.0 = Release|Any CPU
		{2BFA6C68-DDC8-4882-A8B0-B6514B78164C}.Debug|Any CPU.ActiveCfg = Debug|Any CPU
		{2BFA6C68-DDC8-4882-A8B0-B6514B78164C}.Debug|Any CPU.Build.0 = Debug|Any CPU
		{2BFA6C68-DDC8-4882-A8B0-B6514B78164C}.Debug|ARM.ActiveCfg = Debug|Any CPU
		{2BFA6C68-DDC8-4882-A8B0-B6514B78164C}.Debug|ARM.Build.0 = Debug|Any CPU
		{2BFA6C68-DDC8-4882-A8B0-B6514B78164C}.Debug|ARM64.ActiveCfg = Debug|Any CPU
		{2BFA6C68-DDC8-4882-A8B0-B6514B78164C}.Debug|ARM64.Build.0 = Debug|Any CPU
		{2BFA6C68-DDC8-4882-A8B0-B6514B78164C}.Debug|x64.ActiveCfg = Debug|Any CPU
		{2BFA6C68-DDC8-4882-A8B0-B6514B78164C}.Debug|x64.Build.0 = Debug|Any CPU
		{2BFA6C68-DDC8-4882-A8B0-B6514B78164C}.Debug|x86.ActiveCfg = Debug|Any CPU
		{2BFA6C68-DDC8-4882-A8B0-B6514B78164C}.Debug|x86.Build.0 = Debug|Any CPU
		{2BFA6C68-DDC8-4882-A8B0-B6514B78164C}.Release|Any CPU.ActiveCfg = Release|Any CPU
		{2BFA6C68-DDC8-4882-A8B0-B6514B78164C}.Release|Any CPU.Build.0 = Release|Any CPU
		{2BFA6C68-DDC8-4882-A8B0-B6514B78164C}.Release|ARM.ActiveCfg = Release|Any CPU
		{2BFA6C68-DDC8-4882-A8B0-B6514B78164C}.Release|ARM.Build.0 = Release|Any CPU
		{2BFA6C68-DDC8-4882-A8B0-B6514B78164C}.Release|ARM64.ActiveCfg = Release|Any CPU
		{2BFA6C68-DDC8-4882-A8B0-B6514B78164C}.Release|ARM64.Build.0 = Release|Any CPU
		{2BFA6C68-DDC8-4882-A8B0-B6514B78164C}.Release|x64.ActiveCfg = Release|Any CPU
		{2BFA6C68-DDC8-4882-A8B0-B6514B78164C}.Release|x64.Build.0 = Release|Any CPU
		{2BFA6C68-DDC8-4882-A8B0-B6514B78164C}.Release|x86.ActiveCfg = Release|Any CPU
		{2BFA6C68-DDC8-4882-A8B0-B6514B78164C}.Release|x86.Build.0 = Release|Any CPU
		{14026829-127D-4167-9B84-EE048BA3357F}.Debug|Any CPU.ActiveCfg = Debug|Any CPU
		{14026829-127D-4167-9B84-EE048BA3357F}.Debug|Any CPU.Build.0 = Debug|Any CPU
		{14026829-127D-4167-9B84-EE048BA3357F}.Debug|ARM.ActiveCfg = Debug|Any CPU
		{14026829-127D-4167-9B84-EE048BA3357F}.Debug|ARM.Build.0 = Debug|Any CPU
		{14026829-127D-4167-9B84-EE048BA3357F}.Debug|ARM64.ActiveCfg = Debug|Any CPU
		{14026829-127D-4167-9B84-EE048BA3357F}.Debug|ARM64.Build.0 = Debug|Any CPU
		{14026829-127D-4167-9B84-EE048BA3357F}.Debug|x64.ActiveCfg = Debug|Any CPU
		{14026829-127D-4167-9B84-EE048BA3357F}.Debug|x64.Build.0 = Debug|Any CPU
		{14026829-127D-4167-9B84-EE048BA3357F}.Debug|x86.ActiveCfg = Debug|Any CPU
		{14026829-127D-4167-9B84-EE048BA3357F}.Debug|x86.Build.0 = Debug|Any CPU
		{14026829-127D-4167-9B84-EE048BA3357F}.Release|Any CPU.ActiveCfg = Release|Any CPU
		{14026829-127D-4167-9B84-EE048BA3357F}.Release|Any CPU.Build.0 = Release|Any CPU
		{14026829-127D-4167-9B84-EE048BA3357F}.Release|ARM.ActiveCfg = Release|Any CPU
		{14026829-127D-4167-9B84-EE048BA3357F}.Release|ARM.Build.0 = Release|Any CPU
		{14026829-127D-4167-9B84-EE048BA3357F}.Release|ARM64.ActiveCfg = Release|Any CPU
		{14026829-127D-4167-9B84-EE048BA3357F}.Release|ARM64.Build.0 = Release|Any CPU
		{14026829-127D-4167-9B84-EE048BA3357F}.Release|x64.ActiveCfg = Release|Any CPU
		{14026829-127D-4167-9B84-EE048BA3357F}.Release|x64.Build.0 = Release|Any CPU
		{14026829-127D-4167-9B84-EE048BA3357F}.Release|x86.ActiveCfg = Release|Any CPU
		{14026829-127D-4167-9B84-EE048BA3357F}.Release|x86.Build.0 = Release|Any CPU
		{8B262049-DAAC-40CC-8FEB-B5575FF77453}.Debug|Any CPU.ActiveCfg = Debug|Any CPU
		{8B262049-DAAC-40CC-8FEB-B5575FF77453}.Debug|Any CPU.Build.0 = Debug|Any CPU
		{8B262049-DAAC-40CC-8FEB-B5575FF77453}.Debug|ARM.ActiveCfg = Debug|Any CPU
		{8B262049-DAAC-40CC-8FEB-B5575FF77453}.Debug|ARM.Build.0 = Debug|Any CPU
		{8B262049-DAAC-40CC-8FEB-B5575FF77453}.Debug|ARM64.ActiveCfg = Debug|Any CPU
		{8B262049-DAAC-40CC-8FEB-B5575FF77453}.Debug|ARM64.Build.0 = Debug|Any CPU
		{8B262049-DAAC-40CC-8FEB-B5575FF77453}.Debug|x64.ActiveCfg = Debug|Any CPU
		{8B262049-DAAC-40CC-8FEB-B5575FF77453}.Debug|x64.Build.0 = Debug|Any CPU
		{8B262049-DAAC-40CC-8FEB-B5575FF77453}.Debug|x86.ActiveCfg = Debug|Any CPU
		{8B262049-DAAC-40CC-8FEB-B5575FF77453}.Debug|x86.Build.0 = Debug|Any CPU
		{8B262049-DAAC-40CC-8FEB-B5575FF77453}.Release|Any CPU.ActiveCfg = Release|Any CPU
		{8B262049-DAAC-40CC-8FEB-B5575FF77453}.Release|Any CPU.Build.0 = Release|Any CPU
		{8B262049-DAAC-40CC-8FEB-B5575FF77453}.Release|ARM.ActiveCfg = Release|Any CPU
		{8B262049-DAAC-40CC-8FEB-B5575FF77453}.Release|ARM.Build.0 = Release|Any CPU
		{8B262049-DAAC-40CC-8FEB-B5575FF77453}.Release|ARM64.ActiveCfg = Release|Any CPU
		{8B262049-DAAC-40CC-8FEB-B5575FF77453}.Release|ARM64.Build.0 = Release|Any CPU
		{8B262049-DAAC-40CC-8FEB-B5575FF77453}.Release|x64.ActiveCfg = Release|Any CPU
		{8B262049-DAAC-40CC-8FEB-B5575FF77453}.Release|x64.Build.0 = Release|Any CPU
		{8B262049-DAAC-40CC-8FEB-B5575FF77453}.Release|x86.ActiveCfg = Release|Any CPU
		{8B262049-DAAC-40CC-8FEB-B5575FF77453}.Release|x86.Build.0 = Release|Any CPU
		{4A6A8B3D-6948-41A2-B4E2-938CC5C58895}.Debug|Any CPU.ActiveCfg = Debug|Any CPU
		{4A6A8B3D-6948-41A2-B4E2-938CC5C58895}.Debug|Any CPU.Build.0 = Debug|Any CPU
		{4A6A8B3D-6948-41A2-B4E2-938CC5C58895}.Debug|ARM.ActiveCfg = Debug|Any CPU
		{4A6A8B3D-6948-41A2-B4E2-938CC5C58895}.Debug|ARM.Build.0 = Debug|Any CPU
		{4A6A8B3D-6948-41A2-B4E2-938CC5C58895}.Debug|ARM64.ActiveCfg = Debug|Any CPU
		{4A6A8B3D-6948-41A2-B4E2-938CC5C58895}.Debug|ARM64.Build.0 = Debug|Any CPU
		{4A6A8B3D-6948-41A2-B4E2-938CC5C58895}.Debug|x64.ActiveCfg = Debug|Any CPU
		{4A6A8B3D-6948-41A2-B4E2-938CC5C58895}.Debug|x64.Build.0 = Debug|Any CPU
		{4A6A8B3D-6948-41A2-B4E2-938CC5C58895}.Debug|x86.ActiveCfg = Debug|Any CPU
		{4A6A8B3D-6948-41A2-B4E2-938CC5C58895}.Debug|x86.Build.0 = Debug|Any CPU
		{4A6A8B3D-6948-41A2-B4E2-938CC5C58895}.Release|Any CPU.ActiveCfg = Release|Any CPU
		{4A6A8B3D-6948-41A2-B4E2-938CC5C58895}.Release|Any CPU.Build.0 = Release|Any CPU
		{4A6A8B3D-6948-41A2-B4E2-938CC5C58895}.Release|ARM.ActiveCfg = Release|Any CPU
		{4A6A8B3D-6948-41A2-B4E2-938CC5C58895}.Release|ARM.Build.0 = Release|Any CPU
		{4A6A8B3D-6948-41A2-B4E2-938CC5C58895}.Release|ARM64.ActiveCfg = Release|Any CPU
		{4A6A8B3D-6948-41A2-B4E2-938CC5C58895}.Release|ARM64.Build.0 = Release|Any CPU
		{4A6A8B3D-6948-41A2-B4E2-938CC5C58895}.Release|x64.ActiveCfg = Release|Any CPU
		{4A6A8B3D-6948-41A2-B4E2-938CC5C58895}.Release|x64.Build.0 = Release|Any CPU
		{4A6A8B3D-6948-41A2-B4E2-938CC5C58895}.Release|x86.ActiveCfg = Release|Any CPU
		{4A6A8B3D-6948-41A2-B4E2-938CC5C58895}.Release|x86.Build.0 = Release|Any CPU
		{D37D65CC-BC90-46BC-8E6D-5502BECB5421}.Debug|Any CPU.ActiveCfg = Debug|Any CPU
		{D37D65CC-BC90-46BC-8E6D-5502BECB5421}.Debug|Any CPU.Build.0 = Debug|Any CPU
		{D37D65CC-BC90-46BC-8E6D-5502BECB5421}.Debug|ARM.ActiveCfg = Debug|Any CPU
		{D37D65CC-BC90-46BC-8E6D-5502BECB5421}.Debug|ARM.Build.0 = Debug|Any CPU
		{D37D65CC-BC90-46BC-8E6D-5502BECB5421}.Debug|ARM64.ActiveCfg = Debug|Any CPU
		{D37D65CC-BC90-46BC-8E6D-5502BECB5421}.Debug|ARM64.Build.0 = Debug|Any CPU
		{D37D65CC-BC90-46BC-8E6D-5502BECB5421}.Debug|x64.ActiveCfg = Debug|Any CPU
		{D37D65CC-BC90-46BC-8E6D-5502BECB5421}.Debug|x64.Build.0 = Debug|Any CPU
		{D37D65CC-BC90-46BC-8E6D-5502BECB5421}.Debug|x86.ActiveCfg = Debug|Any CPU
		{D37D65CC-BC90-46BC-8E6D-5502BECB5421}.Debug|x86.Build.0 = Debug|Any CPU
		{D37D65CC-BC90-46BC-8E6D-5502BECB5421}.Release|Any CPU.ActiveCfg = Release|Any CPU
		{D37D65CC-BC90-46BC-8E6D-5502BECB5421}.Release|Any CPU.Build.0 = Release|Any CPU
		{D37D65CC-BC90-46BC-8E6D-5502BECB5421}.Release|ARM.ActiveCfg = Release|Any CPU
		{D37D65CC-BC90-46BC-8E6D-5502BECB5421}.Release|ARM.Build.0 = Release|Any CPU
		{D37D65CC-BC90-46BC-8E6D-5502BECB5421}.Release|ARM64.ActiveCfg = Release|Any CPU
		{D37D65CC-BC90-46BC-8E6D-5502BECB5421}.Release|ARM64.Build.0 = Release|Any CPU
		{D37D65CC-BC90-46BC-8E6D-5502BECB5421}.Release|x64.ActiveCfg = Release|Any CPU
		{D37D65CC-BC90-46BC-8E6D-5502BECB5421}.Release|x64.Build.0 = Release|Any CPU
		{D37D65CC-BC90-46BC-8E6D-5502BECB5421}.Release|x86.ActiveCfg = Release|Any CPU
		{D37D65CC-BC90-46BC-8E6D-5502BECB5421}.Release|x86.Build.0 = Release|Any CPU
		{4D5D053E-6F27-4A31-93E2-284D8E4887F7}.Debug|Any CPU.ActiveCfg = Debug|Any CPU
		{4D5D053E-6F27-4A31-93E2-284D8E4887F7}.Debug|Any CPU.Build.0 = Debug|Any CPU
		{4D5D053E-6F27-4A31-93E2-284D8E4887F7}.Debug|ARM.ActiveCfg = Debug|Any CPU
		{4D5D053E-6F27-4A31-93E2-284D8E4887F7}.Debug|ARM.Build.0 = Debug|Any CPU
		{4D5D053E-6F27-4A31-93E2-284D8E4887F7}.Debug|ARM64.ActiveCfg = Debug|Any CPU
		{4D5D053E-6F27-4A31-93E2-284D8E4887F7}.Debug|ARM64.Build.0 = Debug|Any CPU
		{4D5D053E-6F27-4A31-93E2-284D8E4887F7}.Debug|x64.ActiveCfg = Debug|Any CPU
		{4D5D053E-6F27-4A31-93E2-284D8E4887F7}.Debug|x64.Build.0 = Debug|Any CPU
		{4D5D053E-6F27-4A31-93E2-284D8E4887F7}.Debug|x86.ActiveCfg = Debug|Any CPU
		{4D5D053E-6F27-4A31-93E2-284D8E4887F7}.Debug|x86.Build.0 = Debug|Any CPU
		{4D5D053E-6F27-4A31-93E2-284D8E4887F7}.Release|Any CPU.ActiveCfg = Release|Any CPU
		{4D5D053E-6F27-4A31-93E2-284D8E4887F7}.Release|Any CPU.Build.0 = Release|Any CPU
		{4D5D053E-6F27-4A31-93E2-284D8E4887F7}.Release|ARM.ActiveCfg = Release|Any CPU
		{4D5D053E-6F27-4A31-93E2-284D8E4887F7}.Release|ARM.Build.0 = Release|Any CPU
		{4D5D053E-6F27-4A31-93E2-284D8E4887F7}.Release|ARM64.ActiveCfg = Release|Any CPU
		{4D5D053E-6F27-4A31-93E2-284D8E4887F7}.Release|ARM64.Build.0 = Release|Any CPU
		{4D5D053E-6F27-4A31-93E2-284D8E4887F7}.Release|x64.ActiveCfg = Release|Any CPU
		{4D5D053E-6F27-4A31-93E2-284D8E4887F7}.Release|x64.Build.0 = Release|Any CPU
		{4D5D053E-6F27-4A31-93E2-284D8E4887F7}.Release|x86.ActiveCfg = Release|Any CPU
		{4D5D053E-6F27-4A31-93E2-284D8E4887F7}.Release|x86.Build.0 = Release|Any CPU
		{64E81280-6D17-4E8C-B679-E429FBF2F163}.Debug|Any CPU.ActiveCfg = Debug|Any CPU
		{64E81280-6D17-4E8C-B679-E429FBF2F163}.Debug|Any CPU.Build.0 = Debug|Any CPU
		{64E81280-6D17-4E8C-B679-E429FBF2F163}.Debug|ARM.ActiveCfg = Debug|Any CPU
		{64E81280-6D17-4E8C-B679-E429FBF2F163}.Debug|ARM.Build.0 = Debug|Any CPU
		{64E81280-6D17-4E8C-B679-E429FBF2F163}.Debug|ARM64.ActiveCfg = Debug|Any CPU
		{64E81280-6D17-4E8C-B679-E429FBF2F163}.Debug|ARM64.Build.0 = Debug|Any CPU
		{64E81280-6D17-4E8C-B679-E429FBF2F163}.Debug|x64.ActiveCfg = Debug|Any CPU
		{64E81280-6D17-4E8C-B679-E429FBF2F163}.Debug|x64.Build.0 = Debug|Any CPU
		{64E81280-6D17-4E8C-B679-E429FBF2F163}.Debug|x86.ActiveCfg = Debug|Any CPU
		{64E81280-6D17-4E8C-B679-E429FBF2F163}.Debug|x86.Build.0 = Debug|Any CPU
		{64E81280-6D17-4E8C-B679-E429FBF2F163}.Release|Any CPU.ActiveCfg = Release|Any CPU
		{64E81280-6D17-4E8C-B679-E429FBF2F163}.Release|Any CPU.Build.0 = Release|Any CPU
		{64E81280-6D17-4E8C-B679-E429FBF2F163}.Release|ARM.ActiveCfg = Release|Any CPU
		{64E81280-6D17-4E8C-B679-E429FBF2F163}.Release|ARM.Build.0 = Release|Any CPU
		{64E81280-6D17-4E8C-B679-E429FBF2F163}.Release|ARM64.ActiveCfg = Release|Any CPU
		{64E81280-6D17-4E8C-B679-E429FBF2F163}.Release|ARM64.Build.0 = Release|Any CPU
		{64E81280-6D17-4E8C-B679-E429FBF2F163}.Release|x64.ActiveCfg = Release|Any CPU
		{64E81280-6D17-4E8C-B679-E429FBF2F163}.Release|x64.Build.0 = Release|Any CPU
		{64E81280-6D17-4E8C-B679-E429FBF2F163}.Release|x86.ActiveCfg = Release|Any CPU
		{64E81280-6D17-4E8C-B679-E429FBF2F163}.Release|x86.Build.0 = Release|Any CPU
		{D959D176-D7A9-435E-9940-A4BB5E210BD4}.Debug|Any CPU.ActiveCfg = Debug|Any CPU
		{D959D176-D7A9-435E-9940-A4BB5E210BD4}.Debug|Any CPU.Build.0 = Debug|Any CPU
		{D959D176-D7A9-435E-9940-A4BB5E210BD4}.Debug|ARM.ActiveCfg = Debug|Any CPU
		{D959D176-D7A9-435E-9940-A4BB5E210BD4}.Debug|ARM.Build.0 = Debug|Any CPU
		{D959D176-D7A9-435E-9940-A4BB5E210BD4}.Debug|ARM64.ActiveCfg = Debug|Any CPU
		{D959D176-D7A9-435E-9940-A4BB5E210BD4}.Debug|ARM64.Build.0 = Debug|Any CPU
		{D959D176-D7A9-435E-9940-A4BB5E210BD4}.Debug|x64.ActiveCfg = Debug|Any CPU
		{D959D176-D7A9-435E-9940-A4BB5E210BD4}.Debug|x64.Build.0 = Debug|Any CPU
		{D959D176-D7A9-435E-9940-A4BB5E210BD4}.Debug|x86.ActiveCfg = Debug|Any CPU
		{D959D176-D7A9-435E-9940-A4BB5E210BD4}.Debug|x86.Build.0 = Debug|Any CPU
		{D959D176-D7A9-435E-9940-A4BB5E210BD4}.Release|Any CPU.ActiveCfg = Release|Any CPU
		{D959D176-D7A9-435E-9940-A4BB5E210BD4}.Release|Any CPU.Build.0 = Release|Any CPU
		{D959D176-D7A9-435E-9940-A4BB5E210BD4}.Release|ARM.ActiveCfg = Release|Any CPU
		{D959D176-D7A9-435E-9940-A4BB5E210BD4}.Release|ARM.Build.0 = Release|Any CPU
		{D959D176-D7A9-435E-9940-A4BB5E210BD4}.Release|ARM64.ActiveCfg = Release|Any CPU
		{D959D176-D7A9-435E-9940-A4BB5E210BD4}.Release|ARM64.Build.0 = Release|Any CPU
		{D959D176-D7A9-435E-9940-A4BB5E210BD4}.Release|x64.ActiveCfg = Release|Any CPU
		{D959D176-D7A9-435E-9940-A4BB5E210BD4}.Release|x64.Build.0 = Release|Any CPU
		{D959D176-D7A9-435E-9940-A4BB5E210BD4}.Release|x86.ActiveCfg = Release|Any CPU
		{D959D176-D7A9-435E-9940-A4BB5E210BD4}.Release|x86.Build.0 = Release|Any CPU
	EndGlobalSection
	GlobalSection(SolutionProperties) = preSolution
		HideSolutionNode = FALSE
	EndGlobalSection
	GlobalSection(ExtensibilityGlobals) = postSolution
		SolutionGuid = {11BE9962-9570-496F-8C43-944497497748}
	EndGlobalSection
EndGlobal
